
Microsoft Visual Studio Solution File, Format Version 9.00
# Visual Studio 2005
Project("{8BC9CEB8-8B4A-11D0-8D11-00A0C91BC942}") = "Circle", "Circle.vcproj", "{069AD2B7-2432-4C08-8260-F81AD2ABB51D}"
EndProject
Project("{54435603-DBB4-11D2-8724-00A0C9A8B90C}") = "InstallCircle", "..\InstallCircle\InstallCircle.vdproj", "{68665214-D1C5-45B9-BC53-9D2B07EF0CE1}"
EndProject
Global
	GlobalSection(SolutionConfigurationPlatforms) = preSolution
		Debug|Win32 = Debug|Win32
		Release|Win32 = Release|Win32
	EndGlobalSection
	GlobalSection(ProjectConfigurationPlatforms) = postSolution
		{069AD2B7-2432-4C08-8260-F81AD2ABB51D}.Debug|Win32.ActiveCfg = Debug|Win32
		{069AD2B7-2432-4C08-8260-F81AD2ABB51D}.Debug|Win32.Build.0 = Debug|Win32
		{069AD2B7-2432-4C08-8260-F81AD2ABB51D}.Release|Win32.ActiveCfg = Release|Win32
		{069AD2B7-2432-4C08-8260-F81AD2ABB51D}.Release|Win32.Build.0 = Release|Win32
		{68665214-D1C5-45B9-BC53-9D2B07EF0CE1}.Debug|Win32.ActiveCfg = Debug
		{68665214-D1C5-45B9-BC53-9D2B07EF0CE1}.Release|Win32.ActiveCfg = Release
	EndGlobalSection
	GlobalSection(SolutionProperties) = preSolution
		HideSolutionNode = FALSE
	EndGlobalSection
EndGlobal
